
Microsoft Visual Studio Solution File, Format Version 12.00
# Visual Studio Version 17
VisualStudioVersion = 17.3.32901.215
MinimumVisualStudioVersion = 10.0.40219.1
Project("{FAE04EC0-301F-11D3-BF4B-00C04F79EFBC}") = "PersonDataManagementLambda", "PersonDataManagementLambda\PersonDataManagementLambda.csproj", "{D35B38BE-2163-444A-BBF5-EE85C913B5AB}"
EndProject
Global
	GlobalSection(SolutionConfigurationPlatforms) = preSolution
		Debug|Any CPU = Debug|Any CPU
		Release|Any CPU = Release|Any CPU
	EndGlobalSection
	GlobalSection(ProjectConfigurationPlatforms) = postSolution
		{D35B38BE-2163-444A-BBF5-EE85C913B5AB}.Debug|Any CPU.ActiveCfg = Debug|Any CPU
		{D35B38BE-2163-444A-BBF5-EE85C913B5AB}.Debug|Any CPU.Build.0 = Debug|Any CPU
		{D35B38BE-2163-444A-BBF5-EE85C913B5AB}.Release|Any CPU.ActiveCfg = Release|Any CPU
		{D35B38BE-2163-444A-BBF5-EE85C913B5AB}.Release|Any CPU.Build.0 = Release|Any CPU
	EndGlobalSection
	GlobalSection(SolutionProperties) = preSolution
		HideSolutionNode = FALSE
	EndGlobalSection
	GlobalSection(ExtensibilityGlobals) = postSolution
		SolutionGuid = {72268D31-7094-4EA6-A15A-8B8D2CF9DD3A}
	EndGlobalSection
EndGlobal
